// !$*UTF8*$!
{
	archiveVersion = 1;
	classes = {
	};
	objectVersion = 46;
	objects = {

/* Begin PBXBuildFile section */
		4C08F2981A94F3C3006F9359 /* Widget.swift in Sources */ = {isa = PBXBuildFile; fileRef = 4C08F2971A94F3C3006F9359 /* Widget.swift */; };
		4C4281FB1A3009040000C114 /* WidgetBattery.swift in Sources */ = {isa = PBXBuildFile; fileRef = 4C4281FA1A3009040000C114 /* WidgetBattery.swift */; };
		4C81CAC71A05FCFA0078EC22 /* SMC.swift in Sources */ = {isa = PBXBuildFile; fileRef = 4C81CAC51A05FCFA0078EC22 /* SMC.swift */; };
		4C81CACB1A05FD140078EC22 /* Battery.swift in Sources */ = {isa = PBXBuildFile; fileRef = 4C81CAC91A05FD140078EC22 /* Battery.swift */; };
		4C81CACC1A05FD140078EC22 /* System.swift in Sources */ = {isa = PBXBuildFile; fileRef = 4C81CACA1A05FD140078EC22 /* System.swift */; };
		4C87280119C7B41C002D093F /* main.swift in Sources */ = {isa = PBXBuildFile; fileRef = 4C87280019C7B41C002D093F /* main.swift */; };
		4C97A53219E4B2F10018EFB6 /* WidgetFan.swift in Sources */ = {isa = PBXBuildFile; fileRef = 4C97A53119E4B2F10018EFB6 /* WidgetFan.swift */; };
		4C9A7D2019D98D74004ABADA /* WidgetUITitle.swift in Sources */ = {isa = PBXBuildFile; fileRef = 4C9A7D1F19D98D74004ABADA /* WidgetUITitle.swift */; };
		4C9C0E5119E32921009EF6A9 /* WidgetTemperature.swift in Sources */ = {isa = PBXBuildFile; fileRef = 4C9C0E5019E32921009EF6A9 /* WidgetTemperature.swift */; };
		4CB246C41A5B916F00CA8AC4 /* WidgetSystem.swift in Sources */ = {isa = PBXBuildFile; fileRef = 4CB246C31A5B916F00CA8AC4 /* WidgetSystem.swift */; };
		4CB246C81A5BAADC00CA8AC4 /* WidgetCPU.swift in Sources */ = {isa = PBXBuildFile; fileRef = 4CB246C71A5BAADC00CA8AC4 /* WidgetCPU.swift */; };
		4CB246CA1A5BACF200CA8AC4 /* WidgetMemory.swift in Sources */ = {isa = PBXBuildFile; fileRef = 4CB246C91A5BACF200CA8AC4 /* WidgetMemory.swift */; };
		4CCB22A219D4F07B0058E62D /* WidgetUIStat.swift in Sources */ = {isa = PBXBuildFile; fileRef = 4CCB22A119D4F07B0058E62D /* WidgetUIStat.swift */; };
		4CEBF73A1A4E066F0001B326 /* CommandLine.swift in Sources */ = {isa = PBXBuildFile; fileRef = 4CEBF7371A4E066F0001B326 /* CommandLine.swift */; };
		4CEBF73B1A4E066F0001B326 /* Option.swift in Sources */ = {isa = PBXBuildFile; fileRef = 4CEBF7381A4E066F0001B326 /* Option.swift */; };
		4CEBF73C1A4E066F0001B326 /* StringExtensions.swift in Sources */ = {isa = PBXBuildFile; fileRef = 4CEBF7391A4E066F0001B326 /* StringExtensions.swift */; };
/* End PBXBuildFile section */

/* Begin PBXCopyFilesBuildPhase section */
		4C8727FB19C7B41C002D093F /* CopyFiles */ = {
			isa = PBXCopyFilesBuildPhase;
			buildActionMask = 2147483647;
			dstPath = /usr/share/man/man1/;
			dstSubfolderSpec = 0;
			files = (
			);
			runOnlyForDeploymentPostprocessing = 1;
		};
/* End PBXCopyFilesBuildPhase section */

/* Begin PBXFileReference section */
		4C08F2971A94F3C3006F9359 /* Widget.swift */ = {isa = PBXFileReference; fileEncoding = 4; lastKnownFileType = sourcecode.swift; path = Widget.swift; sourceTree = "<group>"; };
		4C4281FA1A3009040000C114 /* WidgetBattery.swift */ = {isa = PBXFileReference; fileEncoding = 4; lastKnownFileType = sourcecode.swift; path = WidgetBattery.swift; sourceTree = "<group>"; };
		4C7F147D19C7B49700F9DCE4 /* Bridge.h */ = {isa = PBXFileReference; fileEncoding = 4; lastKnownFileType = sourcecode.c.h; path = Bridge.h; sourceTree = "<group>"; };
		4C81CAC51A05FCFA0078EC22 /* SMC.swift */ = {isa = PBXFileReference; fileEncoding = 4; lastKnownFileType = sourcecode.swift; path = SMC.swift; sourceTree = "<group>"; };
		4C81CAC91A05FD140078EC22 /* Battery.swift */ = {isa = PBXFileReference; fileEncoding = 4; lastKnownFileType = sourcecode.swift; path = Battery.swift; sourceTree = "<group>"; };
		4C81CACA1A05FD140078EC22 /* System.swift */ = {isa = PBXFileReference; fileEncoding = 4; lastKnownFileType = sourcecode.swift; path = System.swift; sourceTree = "<group>"; };
		4C8727FD19C7B41C002D093F /* dshb */ = {isa = PBXFileReference; explicitFileType = "compiled.mach-o.executable"; includeInIndex = 0; path = dshb; sourceTree = BUILT_PRODUCTS_DIR; };
		4C87280019C7B41C002D093F /* main.swift */ = {isa = PBXFileReference; lastKnownFileType = sourcecode.swift; path = main.swift; sourceTree = "<group>"; };
		4C97A53119E4B2F10018EFB6 /* WidgetFan.swift */ = {isa = PBXFileReference; fileEncoding = 4; lastKnownFileType = sourcecode.swift; path = WidgetFan.swift; sourceTree = "<group>"; };
		4C9A7D1F19D98D74004ABADA /* WidgetUITitle.swift */ = {isa = PBXFileReference; fileEncoding = 4; lastKnownFileType = sourcecode.swift; path = WidgetUITitle.swift; sourceTree = "<group>"; };
		4C9C0E5019E32921009EF6A9 /* WidgetTemperature.swift */ = {isa = PBXFileReference; fileEncoding = 4; lastKnownFileType = sourcecode.swift; path = WidgetTemperature.swift; sourceTree = "<group>"; };
		4CB246C31A5B916F00CA8AC4 /* WidgetSystem.swift */ = {isa = PBXFileReference; fileEncoding = 4; lastKnownFileType = sourcecode.swift; path = WidgetSystem.swift; sourceTree = "<group>"; };
		4CB246C71A5BAADC00CA8AC4 /* WidgetCPU.swift */ = {isa = PBXFileReference; fileEncoding = 4; lastKnownFileType = sourcecode.swift; path = WidgetCPU.swift; sourceTree = "<group>"; };
		4CB246C91A5BACF200CA8AC4 /* WidgetMemory.swift */ = {isa = PBXFileReference; fileEncoding = 4; lastKnownFileType = sourcecode.swift; path = WidgetMemory.swift; sourceTree = "<group>"; };
		4CCB22A119D4F07B0058E62D /* WidgetUIStat.swift */ = {isa = PBXFileReference; fileEncoding = 4; lastKnownFileType = sourcecode.swift; path = WidgetUIStat.swift; sourceTree = "<group>"; };
		4CEBF7371A4E066F0001B326 /* CommandLine.swift */ = {isa = PBXFileReference; fileEncoding = 4; lastKnownFileType = sourcecode.swift; name = CommandLine.swift; path = libs/CommandLine/CommandLine/CommandLine.swift; sourceTree = "<group>"; };
		4CEBF7381A4E066F0001B326 /* Option.swift */ = {isa = PBXFileReference; fileEncoding = 4; lastKnownFileType = sourcecode.swift; name = Option.swift; path = libs/CommandLine/CommandLine/Option.swift; sourceTree = "<group>"; };
		4CEBF7391A4E066F0001B326 /* StringExtensions.swift */ = {isa = PBXFileReference; fileEncoding = 4; lastKnownFileType = sourcecode.swift; name = StringExtensions.swift; path = libs/CommandLine/CommandLine/StringExtensions.swift; sourceTree = "<group>"; };
/* End PBXFileReference section */

/* Begin PBXFrameworksBuildPhase section */
		4C8727FA19C7B41C002D093F /* Frameworks */ = {
			isa = PBXFrameworksBuildPhase;
			buildActionMask = 2147483647;
			files = (
			);
			runOnlyForDeploymentPostprocessing = 0;
		};
/* End PBXFrameworksBuildPhase section */

/* Begin PBXGroup section */
		4C81CABE1A05FCA10078EC22 /* libs */ = {
			isa = PBXGroup;
			children = (
				4CEBF73D1A4E067C0001B326 /* CommandLine */,
				4C81CAC31A05FCFA0078EC22 /* SMCKit */,
				4C81CAC81A05FD140078EC22 /* SystemKit */,
			);
			name = libs;
			sourceTree = "<group>";
		};
		4C81CAC31A05FCFA0078EC22 /* SMCKit */ = {
			isa = PBXGroup;
			children = (
				4C81CAC51A05FCFA0078EC22 /* SMC.swift */,
			);
			name = SMCKit;
			path = libs/SMCKit/SMCKit;
			sourceTree = "<group>";
		};
		4C81CAC81A05FD140078EC22 /* SystemKit */ = {
			isa = PBXGroup;
			children = (
				4C81CAC91A05FD140078EC22 /* Battery.swift */,
				4C81CACA1A05FD140078EC22 /* System.swift */,
			);
			name = SystemKit;
			path = libs/SystemKit/SystemKit;
			sourceTree = "<group>";
		};
		4C8727F419C7B41B002D093F = {
			isa = PBXGroup;
			children = (
				4C8727FF19C7B41C002D093F /* dshb */,
				4C81CABE1A05FCA10078EC22 /* libs */,
				4C8727FE19C7B41C002D093F /* Products */,
			);
			sourceTree = "<group>";
		};
		4C8727FE19C7B41C002D093F /* Products */ = {
			isa = PBXGroup;
			children = (
				4C8727FD19C7B41C002D093F /* dshb */,
			);
			name = Products;
			sourceTree = "<group>";
		};
		4C8727FF19C7B41C002D093F /* dshb */ = {
			isa = PBXGroup;
			children = (
				4C87280019C7B41C002D093F /* main.swift */,
				4C08F2971A94F3C3006F9359 /* Widget.swift */,
				4C9A7D1F19D98D74004ABADA /* WidgetUITitle.swift */,
				4CCB22A119D4F07B0058E62D /* WidgetUIStat.swift */,
				4C4281FA1A3009040000C114 /* WidgetBattery.swift */,
				4CB246C71A5BAADC00CA8AC4 /* WidgetCPU.swift */,
				4C97A53119E4B2F10018EFB6 /* WidgetFan.swift */,
				4CB246C91A5BACF200CA8AC4 /* WidgetMemory.swift */,
				4CB246C31A5B916F00CA8AC4 /* WidgetSystem.swift */,
				4C9C0E5019E32921009EF6A9 /* WidgetTemperature.swift */,
				4C7F147D19C7B49700F9DCE4 /* Bridge.h */,
			);
			path = dshb;
			sourceTree = "<group>";
		};
		4CEBF73D1A4E067C0001B326 /* CommandLine */ = {
			isa = PBXGroup;
			children = (
				4CEBF7371A4E066F0001B326 /* CommandLine.swift */,
				4CEBF7381A4E066F0001B326 /* Option.swift */,
				4CEBF7391A4E066F0001B326 /* StringExtensions.swift */,
			);
			name = CommandLine;
			sourceTree = "<group>";
		};
/* End PBXGroup section */

/* Begin PBXNativeTarget section */
		4C8727FC19C7B41C002D093F /* dshb */ = {
			isa = PBXNativeTarget;
			buildConfigurationList = 4C87280419C7B41C002D093F /* Build configuration list for PBXNativeTarget "dshb" */;
			buildPhases = (
				4C8727F919C7B41C002D093F /* Sources */,
				4C8727FA19C7B41C002D093F /* Frameworks */,
				4C8727FB19C7B41C002D093F /* CopyFiles */,
			);
			buildRules = (
			);
			dependencies = (
			);
			name = dshb;
			productName = dshb;
			productReference = 4C8727FD19C7B41C002D093F /* dshb */;
			productType = "com.apple.product-type.tool";
		};
/* End PBXNativeTarget section */

/* Begin PBXProject section */
		4C8727F519C7B41B002D093F /* Project object */ = {
			isa = PBXProject;
			attributes = {
				LastUpgradeCheck = 0610;
				ORGANIZATIONNAME = beltex;
				TargetAttributes = {
					4C8727FC19C7B41C002D093F = {
						CreatedOnToolsVersion = 6.1;
					};
				};
			};
			buildConfigurationList = 4C8727F819C7B41B002D093F /* Build configuration list for PBXProject "dshb" */;
			compatibilityVersion = "Xcode 3.2";
			developmentRegion = English;
			hasScannedForEncodings = 0;
			knownRegions = (
				en,
			);
			mainGroup = 4C8727F419C7B41B002D093F;
			productRefGroup = 4C8727FE19C7B41C002D093F /* Products */;
			projectDirPath = "";
			projectRoot = "";
			targets = (
				4C8727FC19C7B41C002D093F /* dshb */,
			);
		};
/* End PBXProject section */

/* Begin PBXSourcesBuildPhase section */
		4C8727F919C7B41C002D093F /* Sources */ = {
			isa = PBXSourcesBuildPhase;
			buildActionMask = 2147483647;
			files = (
				4C81CACB1A05FD140078EC22 /* Battery.swift in Sources */,
				4C9C0E5119E32921009EF6A9 /* WidgetTemperature.swift in Sources */,
				4C9A7D2019D98D74004ABADA /* WidgetUITitle.swift in Sources */,
				4CB246CA1A5BACF200CA8AC4 /* WidgetMemory.swift in Sources */,
				4CEBF73A1A4E066F0001B326 /* CommandLine.swift in Sources */,
				4CEBF73B1A4E066F0001B326 /* Option.swift in Sources */,
				4CB246C81A5BAADC00CA8AC4 /* WidgetCPU.swift in Sources */,
				4C97A53219E4B2F10018EFB6 /* WidgetFan.swift in Sources */,
				4C81CACC1A05FD140078EC22 /* System.swift in Sources */,
				4CB246C41A5B916F00CA8AC4 /* WidgetSystem.swift in Sources */,
				4C81CAC71A05FCFA0078EC22 /* SMC.swift in Sources */,
				4C08F2981A94F3C3006F9359 /* Widget.swift in Sources */,
				4CCB22A219D4F07B0058E62D /* WidgetUIStat.swift in Sources */,
				4C87280119C7B41C002D093F /* main.swift in Sources */,
				4CEBF73C1A4E066F0001B326 /* StringExtensions.swift in Sources */,
				4C4281FB1A3009040000C114 /* WidgetBattery.swift in Sources */,
			);
			runOnlyForDeploymentPostprocessing = 0;
		};
/* End PBXSourcesBuildPhase section */

/* Begin XCBuildConfiguration section */
		4C87280219C7B41C002D093F /* Debug */ = {
			isa = XCBuildConfiguration;
			buildSettings = {
				ALWAYS_SEARCH_USER_PATHS = NO;
				CLANG_CXX_LANGUAGE_STANDARD = "gnu++0x";
				CLANG_CXX_LIBRARY = "libc++";
				CLANG_ENABLE_MODULES = YES;
				CLANG_ENABLE_OBJC_ARC = YES;
				CLANG_WARN_BOOL_CONVERSION = YES;
				CLANG_WARN_CONSTANT_CONVERSION = YES;
				CLANG_WARN_DIRECT_OBJC_ISA_USAGE = YES_ERROR;
				CLANG_WARN_EMPTY_BODY = YES;
				CLANG_WARN_ENUM_CONVERSION = YES;
				CLANG_WARN_INT_CONVERSION = YES;
				CLANG_WARN_OBJC_ROOT_CLASS = YES_ERROR;
				CLANG_WARN_UNREACHABLE_CODE = YES;
				CLANG_WARN__DUPLICATE_METHOD_MATCH = YES;
				COPY_PHASE_STRIP = NO;
				ENABLE_STRICT_OBJC_MSGSEND = YES;
				GCC_C_LANGUAGE_STANDARD = gnu99;
				GCC_DYNAMIC_NO_PIC = NO;
				GCC_OPTIMIZATION_LEVEL = 0;
				GCC_PREPROCESSOR_DEFINITIONS = (
					"DEBUG=1",
					"$(inherited)",
				);
				GCC_SYMBOLS_PRIVATE_EXTERN = NO;
				GCC_WARN_64_TO_32_BIT_CONVERSION = YES;
				GCC_WARN_ABOUT_RETURN_TYPE = YES_ERROR;
				GCC_WARN_UNDECLARED_SELECTOR = YES;
				GCC_WARN_UNINITIALIZED_AUTOS = YES_AGGRESSIVE;
				GCC_WARN_UNUSED_FUNCTION = YES;
				GCC_WARN_UNUSED_VARIABLE = YES;
				MACOSX_DEPLOYMENT_TARGET = 10.9;
				MTL_ENABLE_DEBUG_INFO = YES;
				ONLY_ACTIVE_ARCH = YES;
				SDKROOT = macosx;
				SWIFT_OPTIMIZATION_LEVEL = "-Onone";
			};
			name = Debug;
		};
		4C87280319C7B41C002D093F /* Release */ = {
			isa = XCBuildConfiguration;
			buildSettings = {
				ALWAYS_SEARCH_USER_PATHS = NO;
				CLANG_CXX_LANGUAGE_STANDARD = "gnu++0x";
				CLANG_CXX_LIBRARY = "libc++";
				CLANG_ENABLE_MODULES = YES;
				CLANG_ENABLE_OBJC_ARC = YES;
				CLANG_WARN_BOOL_CONVERSION = YES;
				CLANG_WARN_CONSTANT_CONVERSION = YES;
				CLANG_WARN_DIRECT_OBJC_ISA_USAGE = YES_ERROR;
				CLANG_WARN_EMPTY_BODY = YES;
				CLANG_WARN_ENUM_CONVERSION = YES;
				CLANG_WARN_INT_CONVERSION = YES;
				CLANG_WARN_OBJC_ROOT_CLASS = YES_ERROR;
				CLANG_WARN_UNREACHABLE_CODE = YES;
				CLANG_WARN__DUPLICATE_METHOD_MATCH = YES;
				COPY_PHASE_STRIP = YES;
				DEBUG_INFORMATION_FORMAT = "dwarf-with-dsym";
				ENABLE_NS_ASSERTIONS = NO;
				ENABLE_STRICT_OBJC_MSGSEND = YES;
				GCC_C_LANGUAGE_STANDARD = gnu99;
				GCC_WARN_64_TO_32_BIT_CONVERSION = YES;
				GCC_WARN_ABOUT_RETURN_TYPE = YES_ERROR;
				GCC_WARN_UNDECLARED_SELECTOR = YES;
				GCC_WARN_UNINITIALIZED_AUTOS = YES_AGGRESSIVE;
				GCC_WARN_UNUSED_FUNCTION = YES;
				GCC_WARN_UNUSED_VARIABLE = YES;
				MACOSX_DEPLOYMENT_TARGET = 10.9;
				MTL_ENABLE_DEBUG_INFO = NO;
				SDKROOT = macosx;
			};
			name = Release;
		};
		4C87280519C7B41C002D093F /* Debug */ = {
			isa = XCBuildConfiguration;
			buildSettings = {
				PRODUCT_NAME = "$(TARGET_NAME)";
				SWIFT_OBJC_BRIDGING_HEADER = dshb/Bridge.h;
			};
			name = Debug;
		};
		4C87280619C7B41C002D093F /* Release */ = {
			isa = XCBuildConfiguration;
			buildSettings = {
				PRODUCT_NAME = "$(TARGET_NAME)";
				SWIFT_OBJC_BRIDGING_HEADER = dshb/Bridge.h;
				SWIFT_WHOLE_MODULE_OPTIMIZATION = YES;
			};
			name = Release;
		};
/* End XCBuildConfiguration section */

/* Begin XCConfigurationList section */
		4C8727F819C7B41B002D093F /* Build configuration list for PBXProject "dshb" */ = {
			isa = XCConfigurationList;
			buildConfigurations = (
				4C87280219C7B41C002D093F /* Debug */,
				4C87280319C7B41C002D093F /* Release */,
			);
			defaultConfigurationIsVisible = 0;
			defaultConfigurationName = Release;
		};
		4C87280419C7B41C002D093F /* Build configuration list for PBXNativeTarget "dshb" */ = {
			isa = XCConfigurationList;
			buildConfigurations = (
				4C87280519C7B41C002D093F /* Debug */,
				4C87280619C7B41C002D093F /* Release */,
			);
			defaultConfigurationIsVisible = 0;
			defaultConfigurationName = Release;
		};
/* End XCConfigurationList section */
	};
	rootObject = 4C8727F519C7B41B002D093F /* Project object */;
}
