// !$*UTF8*$!
{
	archiveVersion = 1;
	classes = {
	};
	objectVersion = 46;
	objects = {

/* Begin PBXBuildFile section */
		4C013CBA19C9C6A500CA11DA /* libncurses.dylib in Frameworks */ = {isa = PBXBuildFile; fileRef = 4C013CB919C9C6A500CA11DA /* libncurses.dylib */; };
		4C013CBC19C9C6CF00CA11DA /* libcurses.dylib in Frameworks */ = {isa = PBXBuildFile; fileRef = 4C013CBB19C9C6CF00CA11DA /* libcurses.dylib */; };
		4C7F147F19C7E88800F9DCE4 /* libpanel.dylib in Frameworks */ = {isa = PBXBuildFile; fileRef = 4C7F147E19C7E88800F9DCE4 /* libpanel.dylib */; };
		4C87280119C7B41C002D093F /* main.swift in Sources */ = {isa = PBXBuildFile; fileRef = 4C87280019C7B41C002D093F /* main.swift */; };
/* End PBXBuildFile section */

/* Begin PBXCopyFilesBuildPhase section */
		4C8727FB19C7B41C002D093F /* CopyFiles */ = {
			isa = PBXCopyFilesBuildPhase;
			buildActionMask = 2147483647;
			dstPath = /usr/share/man/man1/;
			dstSubfolderSpec = 0;
			files = (
			);
			runOnlyForDeploymentPostprocessing = 1;
		};
/* End PBXCopyFilesBuildPhase section */

/* Begin PBXFileReference section */
		4C013CB919C9C6A500CA11DA /* libncurses.dylib */ = {isa = PBXFileReference; lastKnownFileType = "compiled.mach-o.dylib"; name = libncurses.dylib; path = usr/lib/libncurses.dylib; sourceTree = SDKROOT; };
		4C013CBB19C9C6CF00CA11DA /* libcurses.dylib */ = {isa = PBXFileReference; lastKnownFileType = "compiled.mach-o.dylib"; name = libcurses.dylib; path = usr/lib/libcurses.dylib; sourceTree = SDKROOT; };
		4C7F147D19C7B49700F9DCE4 /* Bridge.h */ = {isa = PBXFileReference; fileEncoding = 4; lastKnownFileType = sourcecode.c.h; path = Bridge.h; sourceTree = "<group>"; };
		4C7F147E19C7E88800F9DCE4 /* libpanel.dylib */ = {isa = PBXFileReference; lastKnownFileType = "compiled.mach-o.dylib"; name = libpanel.dylib; path = usr/lib/libpanel.dylib; sourceTree = SDKROOT; };
		4C8727FD19C7B41C002D093F /* dash */ = {isa = PBXFileReference; explicitFileType = "compiled.mach-o.executable"; includeInIndex = 0; path = dash; sourceTree = BUILT_PRODUCTS_DIR; };
		4C87280019C7B41C002D093F /* main.swift */ = {isa = PBXFileReference; lastKnownFileType = sourcecode.swift; path = main.swift; sourceTree = "<group>"; };
/* End PBXFileReference section */

/* Begin PBXFrameworksBuildPhase section */
		4C8727FA19C7B41C002D093F /* Frameworks */ = {
			isa = PBXFrameworksBuildPhase;
			buildActionMask = 2147483647;
			files = (
				4C013CBC19C9C6CF00CA11DA /* libcurses.dylib in Frameworks */,
				4C013CBA19C9C6A500CA11DA /* libncurses.dylib in Frameworks */,
				4C7F147F19C7E88800F9DCE4 /* libpanel.dylib in Frameworks */,
			);
			runOnlyForDeploymentPostprocessing = 0;
		};
/* End PBXFrameworksBuildPhase section */

/* Begin PBXGroup section */
		4C8727F419C7B41B002D093F = {
			isa = PBXGroup;
			children = (
				4C013CBB19C9C6CF00CA11DA /* libcurses.dylib */,
				4C013CB919C9C6A500CA11DA /* libncurses.dylib */,
				4C7F147E19C7E88800F9DCE4 /* libpanel.dylib */,
				4C8727FF19C7B41C002D093F /* dash */,
				4C8727FE19C7B41C002D093F /* Products */,
			);
			sourceTree = "<group>";
		};
		4C8727FE19C7B41C002D093F /* Products */ = {
			isa = PBXGroup;
			children = (
				4C8727FD19C7B41C002D093F /* dash */,
			);
			name = Products;
			sourceTree = "<group>";
		};
		4C8727FF19C7B41C002D093F /* dash */ = {
			isa = PBXGroup;
			children = (
				4C87280019C7B41C002D093F /* main.swift */,
				4C7F147D19C7B49700F9DCE4 /* Bridge.h */,
			);
			path = dash;
			sourceTree = "<group>";
		};
/* End PBXGroup section */

/* Begin PBXNativeTarget section */
		4C8727FC19C7B41C002D093F /* dash */ = {
			isa = PBXNativeTarget;
			buildConfigurationList = 4C87280419C7B41C002D093F /* Build configuration list for PBXNativeTarget "dash" */;
			buildPhases = (
				4C8727F919C7B41C002D093F /* Sources */,
				4C8727FA19C7B41C002D093F /* Frameworks */,
				4C8727FB19C7B41C002D093F /* CopyFiles */,
			);
			buildRules = (
			);
			dependencies = (
			);
			name = dash;
			productName = dash;
			productReference = 4C8727FD19C7B41C002D093F /* dash */;
			productType = "com.apple.product-type.tool";
		};
/* End PBXNativeTarget section */

/* Begin PBXProject section */
		4C8727F519C7B41B002D093F /* Project object */ = {
			isa = PBXProject;
			attributes = {
				LastUpgradeCheck = 0610;
				ORGANIZATIONNAME = beltex;
				TargetAttributes = {
					4C8727FC19C7B41C002D093F = {
						CreatedOnToolsVersion = 6.1;
					};
				};
			};
			buildConfigurationList = 4C8727F819C7B41B002D093F /* Build configuration list for PBXProject "dash" */;
			compatibilityVersion = "Xcode 3.2";
			developmentRegion = English;
			hasScannedForEncodings = 0;
			knownRegions = (
				en,
			);
			mainGroup = 4C8727F419C7B41B002D093F;
			productRefGroup = 4C8727FE19C7B41C002D093F /* Products */;
			projectDirPath = "";
			projectRoot = "";
			targets = (
				4C8727FC19C7B41C002D093F /* dash */,
			);
		};
/* End PBXProject section */

/* Begin PBXSourcesBuildPhase section */
		4C8727F919C7B41C002D093F /* Sources */ = {
			isa = PBXSourcesBuildPhase;
			buildActionMask = 2147483647;
			files = (
				4C87280119C7B41C002D093F /* main.swift in Sources */,
			);
			runOnlyForDeploymentPostprocessing = 0;
		};
/* End PBXSourcesBuildPhase section */

/* Begin XCBuildConfiguration section */
		4C87280219C7B41C002D093F /* Debug */ = {
			isa = XCBuildConfiguration;
			buildSettings = {
				ALWAYS_SEARCH_USER_PATHS = NO;
				CLANG_CXX_LANGUAGE_STANDARD = "gnu++0x";
				CLANG_CXX_LIBRARY = "libc++";
				CLANG_ENABLE_MODULES = YES;
				CLANG_ENABLE_OBJC_ARC = YES;
				CLANG_WARN_BOOL_CONVERSION = YES;
				CLANG_WARN_CONSTANT_CONVERSION = YES;
				CLANG_WARN_DIRECT_OBJC_ISA_USAGE = YES_ERROR;
				CLANG_WARN_EMPTY_BODY = YES;
				CLANG_WARN_ENUM_CONVERSION = YES;
				CLANG_WARN_INT_CONVERSION = YES;
				CLANG_WARN_OBJC_ROOT_CLASS = YES_ERROR;
				CLANG_WARN_UNREACHABLE_CODE = YES;
				CLANG_WARN__DUPLICATE_METHOD_MATCH = YES;
				COPY_PHASE_STRIP = NO;
				ENABLE_STRICT_OBJC_MSGSEND = YES;
				GCC_C_LANGUAGE_STANDARD = gnu99;
				GCC_DYNAMIC_NO_PIC = NO;
				GCC_OPTIMIZATION_LEVEL = 0;
				GCC_PREPROCESSOR_DEFINITIONS = (
					"DEBUG=1",
					"$(inherited)",
				);
				GCC_SYMBOLS_PRIVATE_EXTERN = NO;
				GCC_WARN_64_TO_32_BIT_CONVERSION = YES;
				GCC_WARN_ABOUT_RETURN_TYPE = YES_ERROR;
				GCC_WARN_UNDECLARED_SELECTOR = YES;
				GCC_WARN_UNINITIALIZED_AUTOS = YES_AGGRESSIVE;
				GCC_WARN_UNUSED_FUNCTION = YES;
				GCC_WARN_UNUSED_VARIABLE = YES;
				MACOSX_DEPLOYMENT_TARGET = 10.9;
				MTL_ENABLE_DEBUG_INFO = YES;
				ONLY_ACTIVE_ARCH = YES;
				SDKROOT = macosx;
				SWIFT_OPTIMIZATION_LEVEL = "-Onone";
			};
			name = Debug;
		};
		4C87280319C7B41C002D093F /* Release */ = {
			isa = XCBuildConfiguration;
			buildSettings = {
				ALWAYS_SEARCH_USER_PATHS = NO;
				CLANG_CXX_LANGUAGE_STANDARD = "gnu++0x";
				CLANG_CXX_LIBRARY = "libc++";
				CLANG_ENABLE_MODULES = YES;
				CLANG_ENABLE_OBJC_ARC = YES;
				CLANG_WARN_BOOL_CONVERSION = YES;
				CLANG_WARN_CONSTANT_CONVERSION = YES;
				CLANG_WARN_DIRECT_OBJC_ISA_USAGE = YES_ERROR;
				CLANG_WARN_EMPTY_BODY = YES;
				CLANG_WARN_ENUM_CONVERSION = YES;
				CLANG_WARN_INT_CONVERSION = YES;
				CLANG_WARN_OBJC_ROOT_CLASS = YES_ERROR;
				CLANG_WARN_UNREACHABLE_CODE = YES;
				CLANG_WARN__DUPLICATE_METHOD_MATCH = YES;
				COPY_PHASE_STRIP = YES;
				DEBUG_INFORMATION_FORMAT = "dwarf-with-dsym";
				ENABLE_NS_ASSERTIONS = NO;
				ENABLE_STRICT_OBJC_MSGSEND = YES;
				GCC_C_LANGUAGE_STANDARD = gnu99;
				GCC_WARN_64_TO_32_BIT_CONVERSION = YES;
				GCC_WARN_ABOUT_RETURN_TYPE = YES_ERROR;
				GCC_WARN_UNDECLARED_SELECTOR = YES;
				GCC_WARN_UNINITIALIZED_AUTOS = YES_AGGRESSIVE;
				GCC_WARN_UNUSED_FUNCTION = YES;
				GCC_WARN_UNUSED_VARIABLE = YES;
				MACOSX_DEPLOYMENT_TARGET = 10.9;
				MTL_ENABLE_DEBUG_INFO = NO;
				SDKROOT = macosx;
			};
			name = Release;
		};
		4C87280519C7B41C002D093F /* Debug */ = {
			isa = XCBuildConfiguration;
			buildSettings = {
				PRODUCT_NAME = "$(TARGET_NAME)";
				SWIFT_OBJC_BRIDGING_HEADER = dash/Bridge.h;
			};
			name = Debug;
		};
		4C87280619C7B41C002D093F /* Release */ = {
			isa = XCBuildConfiguration;
			buildSettings = {
				PRODUCT_NAME = "$(TARGET_NAME)";
				SWIFT_OBJC_BRIDGING_HEADER = dash/Bridge.h;
			};
			name = Release;
		};
/* End XCBuildConfiguration section */

/* Begin XCConfigurationList section */
		4C8727F819C7B41B002D093F /* Build configuration list for PBXProject "dash" */ = {
			isa = XCConfigurationList;
			buildConfigurations = (
				4C87280219C7B41C002D093F /* Debug */,
				4C87280319C7B41C002D093F /* Release */,
			);
			defaultConfigurationIsVisible = 0;
			defaultConfigurationName = Release;
		};
		4C87280419C7B41C002D093F /* Build configuration list for PBXNativeTarget "dash" */ = {
			isa = XCConfigurationList;
			buildConfigurations = (
				4C87280519C7B41C002D093F /* Debug */,
				4C87280619C7B41C002D093F /* Release */,
			);
			defaultConfigurationIsVisible = 0;
			defaultConfigurationName = Release;
		};
/* End XCConfigurationList section */
	};
	rootObject = 4C8727F519C7B41B002D093F /* Project object */;
}
